
Microsoft Visual Studio Solution File, Format Version 12.00
# Visual Studio 15
VisualStudioVersion = 15.0.28307.757
MinimumVisualStudioVersion = 10.0.40219.1
Project("{888888A0-9F3D-457C-B088-3A5042F75D52}") = "opencv_project_python-master", "opencv_project_python-master\opencv_project_python-master.pyproj", "{9803F989-64E1-4602-A1DA-6760456FF65A}"
EndProject
Global
	GlobalSection(SolutionConfigurationPlatforms) = preSolution
		Debug|Any CPU = Debug|Any CPU
		Release|Any CPU = Release|Any CPU
	EndGlobalSection
	GlobalSection(ProjectConfigurationPlatforms) = postSolution
		{9803F989-64E1-4602-A1DA-6760456FF65A}.Debug|Any CPU.ActiveCfg = Debug|Any CPU
		{9803F989-64E1-4602-A1DA-6760456FF65A}.Release|Any CPU.ActiveCfg = Release|Any CPU
	EndGlobalSection
	GlobalSection(SolutionProperties) = preSolution
		HideSolutionNode = FALSE
	EndGlobalSection
	GlobalSection(ExtensibilityGlobals) = postSolution
		SolutionGuid = {0BD9B689-D2D5-401E-8901-F949B64F7DEB}
	EndGlobalSection
EndGlobal
